// !$*UTF8*$!
{
	archiveVersion = 1;
	classes = {
	};
	objectVersion = 46;
	objects = {

/* Begin PBXBuildFile section */
		0F6C3E7ED9924753A81A026D /* libPods.a in Frameworks */ = {isa = PBXBuildFile; fileRef = 4255B95197F44CECAAD81AB4 /* libPods.a */; };
		202CEFDB19708263009624AD /* ComposeViewController.m in Sources */ = {isa = PBXBuildFile; fileRef = 202CEFD919708263009624AD /* ComposeViewController.m */; };
		202CEFDC19708263009624AD /* ComposeViewController.xib in Resources */ = {isa = PBXBuildFile; fileRef = 202CEFDA19708263009624AD /* ComposeViewController.xib */; };
		20532F0119712D2B00770E3B /* TweetViewController.m in Sources */ = {isa = PBXBuildFile; fileRef = 20532EFF19712D2B00770E3B /* TweetViewController.m */; };
		20532F0219712D2B00770E3B /* TweetViewController.xib in Resources */ = {isa = PBXBuildFile; fileRef = 20532F0019712D2B00770E3B /* TweetViewController.xib */; };
		20A81390196FA29300F67AEA /* MainViewController.m in Sources */ = {isa = PBXBuildFile; fileRef = 20A8138E196FA29300F67AEA /* MainViewController.m */; };
		20A81391196FA29300F67AEA /* MainViewController.xib in Resources */ = {isa = PBXBuildFile; fileRef = 20A8138F196FA29300F67AEA /* MainViewController.xib */; };
		20A813A0196FABBF00F67AEA /* MenuViewController.m in Sources */ = {isa = PBXBuildFile; fileRef = 20A8139E196FABBF00F67AEA /* MenuViewController.m */; };
		20A813A1196FABBF00F67AEA /* MenuViewController.xib in Resources */ = {isa = PBXBuildFile; fileRef = 20A8139F196FABBF00F67AEA /* MenuViewController.xib */; };
		20A813B5196FB33A00F67AEA /* HomeTimelineViewController.m in Sources */ = {isa = PBXBuildFile; fileRef = 20A813B3196FB33A00F67AEA /* HomeTimelineViewController.m */; };
		20A813B6196FB33A00F67AEA /* HomeTimelineViewController.xib in Resources */ = {isa = PBXBuildFile; fileRef = 20A813B4196FB33A00F67AEA /* HomeTimelineViewController.xib */; };
		20A813BA196FB35500F67AEA /* MentionsTimelineViewController.m in Sources */ = {isa = PBXBuildFile; fileRef = 20A813B8196FB35500F67AEA /* MentionsTimelineViewController.m */; };
		20A813BB196FB35500F67AEA /* MentionsTimelineViewController.xib in Resources */ = {isa = PBXBuildFile; fileRef = 20A813B9196FB35500F67AEA /* MentionsTimelineViewController.xib */; };
		20A813BF196FB37000F67AEA /* UserTimelineViewController.m in Sources */ = {isa = PBXBuildFile; fileRef = 20A813BD196FB37000F67AEA /* UserTimelineViewController.m */; };
		20A813C0196FB37000F67AEA /* UserTimelineViewController.xib in Resources */ = {isa = PBXBuildFile; fileRef = 20A813BE196FB37000F67AEA /* UserTimelineViewController.xib */; };
		20A813C5196FBACE00F67AEA /* UserTableViewCell.m in Sources */ = {isa = PBXBuildFile; fileRef = 20A813C3196FBACE00F67AEA /* UserTableViewCell.m */; };
		20A813C6196FBACE00F67AEA /* UserTableViewCell.xib in Resources */ = {isa = PBXBuildFile; fileRef = 20A813C4196FBACE00F67AEA /* UserTableViewCell.xib */; };
		20B28B06196F94D80024CB0E /* Foundation.framework in Frameworks */ = {isa = PBXBuildFile; fileRef = 20B28B05196F94D80024CB0E /* Foundation.framework */; };
		20B28B08196F94D80024CB0E /* CoreGraphics.framework in Frameworks */ = {isa = PBXBuildFile; fileRef = 20B28B07196F94D80024CB0E /* CoreGraphics.framework */; };
		20B28B0A196F94D80024CB0E /* UIKit.framework in Frameworks */ = {isa = PBXBuildFile; fileRef = 20B28B09196F94D80024CB0E /* UIKit.framework */; };
		20B28B10196F94D80024CB0E /* InfoPlist.strings in Resources */ = {isa = PBXBuildFile; fileRef = 20B28B0E196F94D80024CB0E /* InfoPlist.strings */; };
		20B28B12196F94D80024CB0E /* main.m in Sources */ = {isa = PBXBuildFile; fileRef = 20B28B11196F94D80024CB0E /* main.m */; };
		20B28B16196F94D80024CB0E /* AppDelegate.m in Sources */ = {isa = PBXBuildFile; fileRef = 20B28B15196F94D80024CB0E /* AppDelegate.m */; };
		20B28B18196F94D80024CB0E /* Images.xcassets in Resources */ = {isa = PBXBuildFile; fileRef = 20B28B17196F94D80024CB0E /* Images.xcassets */; };
		20B28B1F196F94D80024CB0E /* XCTest.framework in Frameworks */ = {isa = PBXBuildFile; fileRef = 20B28B1E196F94D80024CB0E /* XCTest.framework */; };
		20B28B20196F94D80024CB0E /* Foundation.framework in Frameworks */ = {isa = PBXBuildFile; fileRef = 20B28B05196F94D80024CB0E /* Foundation.framework */; };
		20B28B21196F94D80024CB0E /* UIKit.framework in Frameworks */ = {isa = PBXBuildFile; fileRef = 20B28B09196F94D80024CB0E /* UIKit.framework */; };
		20B28B29196F94D80024CB0E /* InfoPlist.strings in Resources */ = {isa = PBXBuildFile; fileRef = 20B28B27196F94D80024CB0E /* InfoPlist.strings */; };
		20B28B2B196F94D80024CB0E /* ios_twitter_reduxTests.m in Sources */ = {isa = PBXBuildFile; fileRef = 20B28B2A196F94D80024CB0E /* ios_twitter_reduxTests.m */; };
		20E2CD4219727704002CFF37 /* AccountViewController.m in Sources */ = {isa = PBXBuildFile; fileRef = 20E2CD4019727704002CFF37 /* AccountViewController.m */; };
		20E2CD4319727704002CFF37 /* AccountViewController.xib in Resources */ = {isa = PBXBuildFile; fileRef = 20E2CD4119727704002CFF37 /* AccountViewController.xib */; };
		20E2CD471972F3B4002CFF37 /* LoginViewController.m in Sources */ = {isa = PBXBuildFile; fileRef = 20E2CD451972F3B4002CFF37 /* LoginViewController.m */; };
		20E2CD481972F3B4002CFF37 /* LoginViewController.xib in Resources */ = {isa = PBXBuildFile; fileRef = 20E2CD461972F3B4002CFF37 /* LoginViewController.xib */; };
		20E2CD4D19730346002CFF37 /* TwitterClient.m in Sources */ = {isa = PBXBuildFile; fileRef = 20E2CD4C19730346002CFF37 /* TwitterClient.m */; };
		20E2CD5219739C4F002CFF37 /* NSURL+DictionaryFromQueryString.m in Sources */ = {isa = PBXBuildFile; fileRef = 20E2CD5119739C4F002CFF37 /* NSURL+DictionaryFromQueryString.m */; };
		20E2CD5519739CAB002CFF37 /* Tweet.m in Sources */ = {isa = PBXBuildFile; fileRef = 20E2CD5419739CAB002CFF37 /* Tweet.m */; };
		20E2CD5819739D08002CFF37 /* User.m in Sources */ = {isa = PBXBuildFile; fileRef = 20E2CD5719739D08002CFF37 /* User.m */; };
		20E2CD5B19739D51002CFF37 /* Session.m in Sources */ = {isa = PBXBuildFile; fileRef = 20E2CD5A19739D51002CFF37 /* Session.m */; };
		20E2CD5F1973C2B0002CFF37 /* TweetTableViewCell.m in Sources */ = {isa = PBXBuildFile; fileRef = 20E2CD5D1973C2B0002CFF37 /* TweetTableViewCell.m */; };
		20E2CD601973C2B0002CFF37 /* TweetTableViewCell.xib in Resources */ = {isa = PBXBuildFile; fileRef = 20E2CD5E1973C2B0002CFF37 /* TweetTableViewCell.xib */; };
/* End PBXBuildFile section */

/* Begin PBXContainerItemProxy section */
		20B28B22196F94D80024CB0E /* PBXContainerItemProxy */ = {
			isa = PBXContainerItemProxy;
			containerPortal = 20B28AFA196F94D80024CB0E /* Project object */;
			proxyType = 1;
			remoteGlobalIDString = 20B28B01196F94D80024CB0E;
			remoteInfo = ios_twitter_redux;
		};
/* End PBXContainerItemProxy section */

/* Begin PBXFileReference section */
		202CEFD819708263009624AD /* ComposeViewController.h */ = {isa = PBXFileReference; fileEncoding = 4; lastKnownFileType = sourcecode.c.h; path = ComposeViewController.h; sourceTree = "<group>"; };
		202CEFD919708263009624AD /* ComposeViewController.m */ = {isa = PBXFileReference; fileEncoding = 4; lastKnownFileType = sourcecode.c.objc; path = ComposeViewController.m; sourceTree = "<group>"; };
		202CEFDA19708263009624AD /* ComposeViewController.xib */ = {isa = PBXFileReference; fileEncoding = 4; lastKnownFileType = file.xib; path = ComposeViewController.xib; sourceTree = "<group>"; };
		20532EFE19712D2B00770E3B /* TweetViewController.h */ = {isa = PBXFileReference; fileEncoding = 4; lastKnownFileType = sourcecode.c.h; path = TweetViewController.h; sourceTree = "<group>"; };
		20532EFF19712D2B00770E3B /* TweetViewController.m */ = {isa = PBXFileReference; fileEncoding = 4; lastKnownFileType = sourcecode.c.objc; path = TweetViewController.m; sourceTree = "<group>"; };
		20532F0019712D2B00770E3B /* TweetViewController.xib */ = {isa = PBXFileReference; fileEncoding = 4; lastKnownFileType = file.xib; path = TweetViewController.xib; sourceTree = "<group>"; };
		20A8138D196FA29300F67AEA /* MainViewController.h */ = {isa = PBXFileReference; fileEncoding = 4; lastKnownFileType = sourcecode.c.h; path = MainViewController.h; sourceTree = "<group>"; };
		20A8138E196FA29300F67AEA /* MainViewController.m */ = {isa = PBXFileReference; fileEncoding = 4; lastKnownFileType = sourcecode.c.objc; path = MainViewController.m; sourceTree = "<group>"; };
		20A8138F196FA29300F67AEA /* MainViewController.xib */ = {isa = PBXFileReference; fileEncoding = 4; lastKnownFileType = file.xib; path = MainViewController.xib; sourceTree = "<group>"; };
		20A8139D196FABBF00F67AEA /* MenuViewController.h */ = {isa = PBXFileReference; fileEncoding = 4; lastKnownFileType = sourcecode.c.h; path = MenuViewController.h; sourceTree = "<group>"; };
		20A8139E196FABBF00F67AEA /* MenuViewController.m */ = {isa = PBXFileReference; fileEncoding = 4; lastKnownFileType = sourcecode.c.objc; path = MenuViewController.m; sourceTree = "<group>"; };
		20A8139F196FABBF00F67AEA /* MenuViewController.xib */ = {isa = PBXFileReference; fileEncoding = 4; lastKnownFileType = file.xib; path = MenuViewController.xib; sourceTree = "<group>"; };
		20A813B2196FB33A00F67AEA /* HomeTimelineViewController.h */ = {isa = PBXFileReference; fileEncoding = 4; lastKnownFileType = sourcecode.c.h; path = HomeTimelineViewController.h; sourceTree = "<group>"; };
		20A813B3196FB33A00F67AEA /* HomeTimelineViewController.m */ = {isa = PBXFileReference; fileEncoding = 4; lastKnownFileType = sourcecode.c.objc; path = HomeTimelineViewController.m; sourceTree = "<group>"; };
		20A813B4196FB33A00F67AEA /* HomeTimelineViewController.xib */ = {isa = PBXFileReference; fileEncoding = 4; lastKnownFileType = file.xib; path = HomeTimelineViewController.xib; sourceTree = "<group>"; };
		20A813B7196FB35500F67AEA /* MentionsTimelineViewController.h */ = {isa = PBXFileReference; fileEncoding = 4; lastKnownFileType = sourcecode.c.h; path = MentionsTimelineViewController.h; sourceTree = "<group>"; };
		20A813B8196FB35500F67AEA /* MentionsTimelineViewController.m */ = {isa = PBXFileReference; fileEncoding = 4; lastKnownFileType = sourcecode.c.objc; path = MentionsTimelineViewController.m; sourceTree = "<group>"; };
		20A813B9196FB35500F67AEA /* MentionsTimelineViewController.xib */ = {isa = PBXFileReference; fileEncoding = 4; lastKnownFileType = file.xib; path = MentionsTimelineViewController.xib; sourceTree = "<group>"; };
		20A813BC196FB37000F67AEA /* UserTimelineViewController.h */ = {isa = PBXFileReference; fileEncoding = 4; lastKnownFileType = sourcecode.c.h; path = UserTimelineViewController.h; sourceTree = "<group>"; };
		20A813BD196FB37000F67AEA /* UserTimelineViewController.m */ = {isa = PBXFileReference; fileEncoding = 4; lastKnownFileType = sourcecode.c.objc; path = UserTimelineViewController.m; sourceTree = "<group>"; };
		20A813BE196FB37000F67AEA /* UserTimelineViewController.xib */ = {isa = PBXFileReference; fileEncoding = 4; lastKnownFileType = file.xib; path = UserTimelineViewController.xib; sourceTree = "<group>"; };
		20A813C2196FBACE00F67AEA /* UserTableViewCell.h */ = {isa = PBXFileReference; fileEncoding = 4; lastKnownFileType = sourcecode.c.h; path = UserTableViewCell.h; sourceTree = "<group>"; };
		20A813C3196FBACE00F67AEA /* UserTableViewCell.m */ = {isa = PBXFileReference; fileEncoding = 4; lastKnownFileType = sourcecode.c.objc; path = UserTableViewCell.m; sourceTree = "<group>"; };
		20A813C4196FBACE00F67AEA /* UserTableViewCell.xib */ = {isa = PBXFileReference; fileEncoding = 4; lastKnownFileType = file.xib; path = UserTableViewCell.xib; sourceTree = "<group>"; };
		20B28B02196F94D80024CB0E /* ios_twitter_redux.app */ = {isa = PBXFileReference; explicitFileType = wrapper.application; includeInIndex = 0; path = ios_twitter_redux.app; sourceTree = BUILT_PRODUCTS_DIR; };
		20B28B05196F94D80024CB0E /* Foundation.framework */ = {isa = PBXFileReference; lastKnownFileType = wrapper.framework; name = Foundation.framework; path = System/Library/Frameworks/Foundation.framework; sourceTree = SDKROOT; };
		20B28B07196F94D80024CB0E /* CoreGraphics.framework */ = {isa = PBXFileReference; lastKnownFileType = wrapper.framework; name = CoreGraphics.framework; path = System/Library/Frameworks/CoreGraphics.framework; sourceTree = SDKROOT; };
		20B28B09196F94D80024CB0E /* UIKit.framework */ = {isa = PBXFileReference; lastKnownFileType = wrapper.framework; name = UIKit.framework; path = System/Library/Frameworks/UIKit.framework; sourceTree = SDKROOT; };
		20B28B0D196F94D80024CB0E /* ios_twitter_redux-Info.plist */ = {isa = PBXFileReference; lastKnownFileType = text.plist.xml; path = "ios_twitter_redux-Info.plist"; sourceTree = "<group>"; };
		20B28B0F196F94D80024CB0E /* en */ = {isa = PBXFileReference; lastKnownFileType = text.plist.strings; name = en; path = en.lproj/InfoPlist.strings; sourceTree = "<group>"; };
		20B28B11196F94D80024CB0E /* main.m */ = {isa = PBXFileReference; lastKnownFileType = sourcecode.c.objc; path = main.m; sourceTree = "<group>"; };
		20B28B13196F94D80024CB0E /* ios_twitter_redux-Prefix.pch */ = {isa = PBXFileReference; lastKnownFileType = sourcecode.c.h; path = "ios_twitter_redux-Prefix.pch"; sourceTree = "<group>"; };
		20B28B14196F94D80024CB0E /* AppDelegate.h */ = {isa = PBXFileReference; lastKnownFileType = sourcecode.c.h; path = AppDelegate.h; sourceTree = "<group>"; };
		20B28B15196F94D80024CB0E /* AppDelegate.m */ = {isa = PBXFileReference; lastKnownFileType = sourcecode.c.objc; path = AppDelegate.m; sourceTree = "<group>"; };
		20B28B17196F94D80024CB0E /* Images.xcassets */ = {isa = PBXFileReference; lastKnownFileType = folder.assetcatalog; path = Images.xcassets; sourceTree = "<group>"; };
		20B28B1D196F94D80024CB0E /* ios_twitter_reduxTests.xctest */ = {isa = PBXFileReference; explicitFileType = wrapper.cfbundle; includeInIndex = 0; path = ios_twitter_reduxTests.xctest; sourceTree = BUILT_PRODUCTS_DIR; };
		20B28B1E196F94D80024CB0E /* XCTest.framework */ = {isa = PBXFileReference; lastKnownFileType = wrapper.framework; name = XCTest.framework; path = Library/Frameworks/XCTest.framework; sourceTree = DEVELOPER_DIR; };
		20B28B26196F94D80024CB0E /* ios_twitter_reduxTests-Info.plist */ = {isa = PBXFileReference; lastKnownFileType = text.plist.xml; path = "ios_twitter_reduxTests-Info.plist"; sourceTree = "<group>"; };
		20B28B28196F94D80024CB0E /* en */ = {isa = PBXFileReference; lastKnownFileType = text.plist.strings; name = en; path = en.lproj/InfoPlist.strings; sourceTree = "<group>"; };
		20B28B2A196F94D80024CB0E /* ios_twitter_reduxTests.m */ = {isa = PBXFileReference; lastKnownFileType = sourcecode.c.objc; path = ios_twitter_reduxTests.m; sourceTree = "<group>"; };
		20E2CD3F19727704002CFF37 /* AccountViewController.h */ = {isa = PBXFileReference; fileEncoding = 4; lastKnownFileType = sourcecode.c.h; path = AccountViewController.h; sourceTree = "<group>"; };
		20E2CD4019727704002CFF37 /* AccountViewController.m */ = {isa = PBXFileReference; fileEncoding = 4; lastKnownFileType = sourcecode.c.objc; path = AccountViewController.m; sourceTree = "<group>"; };
		20E2CD4119727704002CFF37 /* AccountViewController.xib */ = {isa = PBXFileReference; fileEncoding = 4; lastKnownFileType = file.xib; path = AccountViewController.xib; sourceTree = "<group>"; };
		20E2CD441972F3B4002CFF37 /* LoginViewController.h */ = {isa = PBXFileReference; fileEncoding = 4; lastKnownFileType = sourcecode.c.h; path = LoginViewController.h; sourceTree = "<group>"; };
		20E2CD451972F3B4002CFF37 /* LoginViewController.m */ = {isa = PBXFileReference; fileEncoding = 4; lastKnownFileType = sourcecode.c.objc; path = LoginViewController.m; sourceTree = "<group>"; };
		20E2CD461972F3B4002CFF37 /* LoginViewController.xib */ = {isa = PBXFileReference; fileEncoding = 4; lastKnownFileType = file.xib; path = LoginViewController.xib; sourceTree = "<group>"; };
		20E2CD4B19730346002CFF37 /* TwitterClient.h */ = {isa = PBXFileReference; fileEncoding = 4; lastKnownFileType = sourcecode.c.h; path = TwitterClient.h; sourceTree = "<group>"; };
		20E2CD4C19730346002CFF37 /* TwitterClient.m */ = {isa = PBXFileReference; fileEncoding = 4; lastKnownFileType = sourcecode.c.objc; path = TwitterClient.m; sourceTree = "<group>"; };
		20E2CD5019739C4F002CFF37 /* NSURL+DictionaryFromQueryString.h */ = {isa = PBXFileReference; fileEncoding = 4; lastKnownFileType = sourcecode.c.h; path = "NSURL+DictionaryFromQueryString.h"; sourceTree = "<group>"; };
		20E2CD5119739C4F002CFF37 /* NSURL+DictionaryFromQueryString.m */ = {isa = PBXFileReference; fileEncoding = 4; lastKnownFileType = sourcecode.c.objc; path = "NSURL+DictionaryFromQueryString.m"; sourceTree = "<group>"; };
		20E2CD5319739CAB002CFF37 /* Tweet.h */ = {isa = PBXFileReference; fileEncoding = 4; lastKnownFileType = sourcecode.c.h; path = Tweet.h; sourceTree = "<group>"; };
		20E2CD5419739CAB002CFF37 /* Tweet.m */ = {isa = PBXFileReference; fileEncoding = 4; lastKnownFileType = sourcecode.c.objc; path = Tweet.m; sourceTree = "<group>"; };
		20E2CD5619739D08002CFF37 /* User.h */ = {isa = PBXFileReference; fileEncoding = 4; lastKnownFileType = sourcecode.c.h; path = User.h; sourceTree = "<group>"; };
		20E2CD5719739D08002CFF37 /* User.m */ = {isa = PBXFileReference; fileEncoding = 4; lastKnownFileType = sourcecode.c.objc; path = User.m; sourceTree = "<group>"; };
		20E2CD5919739D51002CFF37 /* Session.h */ = {isa = PBXFileReference; fileEncoding = 4; lastKnownFileType = sourcecode.c.h; path = Session.h; sourceTree = "<group>"; };
		20E2CD5A19739D51002CFF37 /* Session.m */ = {isa = PBXFileReference; fileEncoding = 4; lastKnownFileType = sourcecode.c.objc; path = Session.m; sourceTree = "<group>"; };
		20E2CD5C1973C2B0002CFF37 /* TweetTableViewCell.h */ = {isa = PBXFileReference; fileEncoding = 4; lastKnownFileType = sourcecode.c.h; path = TweetTableViewCell.h; sourceTree = "<group>"; };
		20E2CD5D1973C2B0002CFF37 /* TweetTableViewCell.m */ = {isa = PBXFileReference; fileEncoding = 4; lastKnownFileType = sourcecode.c.objc; path = TweetTableViewCell.m; sourceTree = "<group>"; };
		20E2CD5E1973C2B0002CFF37 /* TweetTableViewCell.xib */ = {isa = PBXFileReference; fileEncoding = 4; lastKnownFileType = file.xib; path = TweetTableViewCell.xib; sourceTree = "<group>"; };
		3796A7466C134EA590D7E05A /* Pods.xcconfig */ = {isa = PBXFileReference; includeInIndex = 1; lastKnownFileType = text.xcconfig; name = Pods.xcconfig; path = Pods/Pods.xcconfig; sourceTree = "<group>"; };
		4255B95197F44CECAAD81AB4 /* libPods.a */ = {isa = PBXFileReference; explicitFileType = archive.ar; includeInIndex = 0; path = libPods.a; sourceTree = BUILT_PRODUCTS_DIR; };
/* End PBXFileReference section */

/* Begin PBXFrameworksBuildPhase section */
		20B28AFF196F94D80024CB0E /* Frameworks */ = {
			isa = PBXFrameworksBuildPhase;
			buildActionMask = 2147483647;
			files = (
				20B28B08196F94D80024CB0E /* CoreGraphics.framework in Frameworks */,
				20B28B0A196F94D80024CB0E /* UIKit.framework in Frameworks */,
				20B28B06196F94D80024CB0E /* Foundation.framework in Frameworks */,
				0F6C3E7ED9924753A81A026D /* libPods.a in Frameworks */,
			);
			runOnlyForDeploymentPostprocessing = 0;
		};
		20B28B1A196F94D80024CB0E /* Frameworks */ = {
			isa = PBXFrameworksBuildPhase;
			buildActionMask = 2147483647;
			files = (
				20B28B1F196F94D80024CB0E /* XCTest.framework in Frameworks */,
				20B28B21196F94D80024CB0E /* UIKit.framework in Frameworks */,
				20B28B20196F94D80024CB0E /* Foundation.framework in Frameworks */,
			);
			runOnlyForDeploymentPostprocessing = 0;
		};
/* End PBXFrameworksBuildPhase section */

/* Begin PBXGroup section */
		20A81375196FA00300F67AEA /* Controllers */ = {
			isa = PBXGroup;
			children = (
				20A81392196FA2CF00F67AEA /* App */,
				20A81378196FA01D00F67AEA /* Account */,
				20A8137D196FA0BC00F67AEA /* Compose */,
				20A813B1196FB32500F67AEA /* Home Timeline */,
				20A81376196FA00900F67AEA /* Login */,
				20A8138B196FA27500F67AEA /* Main */,
				20A8137B196FA04700F67AEA /* Mentions Timeline */,
				20A81385196FA13900F67AEA /* Menu */,
				20A8137C196FA05100F67AEA /* User Timeline */,
				20A8137A196FA02F00F67AEA /* Tweet */,
			);
			name = Controllers;
			sourceTree = "<group>";
		};
		20A81376196FA00900F67AEA /* Login */ = {
			isa = PBXGroup;
			children = (
				20E2CD441972F3B4002CFF37 /* LoginViewController.h */,
				20E2CD451972F3B4002CFF37 /* LoginViewController.m */,
				20E2CD461972F3B4002CFF37 /* LoginViewController.xib */,
			);
			name = Login;
			sourceTree = "<group>";
		};
		20A81378196FA01D00F67AEA /* Account */ = {
			isa = PBXGroup;
			children = (
				20E2CD3F19727704002CFF37 /* AccountViewController.h */,
				20E2CD4019727704002CFF37 /* AccountViewController.m */,
				20E2CD4119727704002CFF37 /* AccountViewController.xib */,
			);
			name = Account;
			sourceTree = "<group>";
		};
		20A8137A196FA02F00F67AEA /* Tweet */ = {
			isa = PBXGroup;
			children = (
				20532EFE19712D2B00770E3B /* TweetViewController.h */,
				20532EFF19712D2B00770E3B /* TweetViewController.m */,
				20532F0019712D2B00770E3B /* TweetViewController.xib */,
			);
			name = Tweet;
			sourceTree = "<group>";
		};
		20A8137B196FA04700F67AEA /* Mentions Timeline */ = {
			isa = PBXGroup;
			children = (
				20A813B7196FB35500F67AEA /* MentionsTimelineViewController.h */,
				20A813B8196FB35500F67AEA /* MentionsTimelineViewController.m */,
				20A813B9196FB35500F67AEA /* MentionsTimelineViewController.xib */,
			);
			name = "Mentions Timeline";
			sourceTree = "<group>";
		};
		20A8137C196FA05100F67AEA /* User Timeline */ = {
			isa = PBXGroup;
			children = (
				20A813BC196FB37000F67AEA /* UserTimelineViewController.h */,
				20A813BD196FB37000F67AEA /* UserTimelineViewController.m */,
				20A813BE196FB37000F67AEA /* UserTimelineViewController.xib */,
			);
			name = "User Timeline";
			sourceTree = "<group>";
		};
		20A8137D196FA0BC00F67AEA /* Compose */ = {
			isa = PBXGroup;
			children = (
				202CEFD819708263009624AD /* ComposeViewController.h */,
				202CEFD919708263009624AD /* ComposeViewController.m */,
				202CEFDA19708263009624AD /* ComposeViewController.xib */,
			);
			name = Compose;
			sourceTree = "<group>";
		};
		20A8137E196FA0CA00F67AEA /* Models */ = {
			isa = PBXGroup;
			children = (
				20A81380196FA0DF00F67AEA /* User */,
				20A8137F196FA0D600F67AEA /* Session */,
				20A81381196FA0E900F67AEA /* Tweet */,
			);
			name = Models;
			sourceTree = "<group>";
		};
		20A8137F196FA0D600F67AEA /* Session */ = {
			isa = PBXGroup;
			children = (
				20E2CD5919739D51002CFF37 /* Session.h */,
				20E2CD5A19739D51002CFF37 /* Session.m */,
			);
			name = Session;
			sourceTree = "<group>";
		};
		20A81380196FA0DF00F67AEA /* User */ = {
			isa = PBXGroup;
			children = (
				20E2CD5619739D08002CFF37 /* User.h */,
				20E2CD5719739D08002CFF37 /* User.m */,
			);
			name = User;
			sourceTree = "<group>";
		};
		20A81381196FA0E900F67AEA /* Tweet */ = {
			isa = PBXGroup;
			children = (
				20E2CD5319739CAB002CFF37 /* Tweet.h */,
				20E2CD5419739CAB002CFF37 /* Tweet.m */,
			);
			name = Tweet;
			sourceTree = "<group>";
		};
		20A81382196FA0FB00F67AEA /* UI */ = {
			isa = PBXGroup;
			children = (
				20A81383196FA10100F67AEA /* Table View Cells */,
			);
			name = UI;
			sourceTree = "<group>";
		};
		20A81383196FA10100F67AEA /* Table View Cells */ = {
			isa = PBXGroup;
			children = (
				20A813C1196FBAB500F67AEA /* User */,
				20A81384196FA11700F67AEA /* Tweet */,
			);
			name = "Table View Cells";
			sourceTree = "<group>";
		};
		20A81384196FA11700F67AEA /* Tweet */ = {
			isa = PBXGroup;
			children = (
				20E2CD5C1973C2B0002CFF37 /* TweetTableViewCell.h */,
				20E2CD5D1973C2B0002CFF37 /* TweetTableViewCell.m */,
				20E2CD5E1973C2B0002CFF37 /* TweetTableViewCell.xib */,
			);
			name = Tweet;
			sourceTree = "<group>";
		};
		20A81385196FA13900F67AEA /* Menu */ = {
			isa = PBXGroup;
			children = (
				20A8139D196FABBF00F67AEA /* MenuViewController.h */,
				20A8139E196FABBF00F67AEA /* MenuViewController.m */,
				20A8139F196FABBF00F67AEA /* MenuViewController.xib */,
			);
			name = Menu;
			sourceTree = "<group>";
		};
		20A8138B196FA27500F67AEA /* Main */ = {
			isa = PBXGroup;
			children = (
				20A8138D196FA29300F67AEA /* MainViewController.h */,
				20A8138E196FA29300F67AEA /* MainViewController.m */,
				20A8138F196FA29300F67AEA /* MainViewController.xib */,
			);
			name = Main;
			sourceTree = "<group>";
		};
		20A81392196FA2CF00F67AEA /* App */ = {
			isa = PBXGroup;
			children = (
				20B28B14196F94D80024CB0E /* AppDelegate.h */,
				20B28B15196F94D80024CB0E /* AppDelegate.m */,
			);
			name = App;
			sourceTree = "<group>";
		};
		20A813B1196FB32500F67AEA /* Home Timeline */ = {
			isa = PBXGroup;
			children = (
				20A813B2196FB33A00F67AEA /* HomeTimelineViewController.h */,
				20A813B3196FB33A00F67AEA /* HomeTimelineViewController.m */,
				20A813B4196FB33A00F67AEA /* HomeTimelineViewController.xib */,
			);
			name = "Home Timeline";
			sourceTree = "<group>";
		};
		20A813C1196FBAB500F67AEA /* User */ = {
			isa = PBXGroup;
			children = (
				20A813C2196FBACE00F67AEA /* UserTableViewCell.h */,
				20A813C3196FBACE00F67AEA /* UserTableViewCell.m */,
				20A813C4196FBACE00F67AEA /* UserTableViewCell.xib */,
			);
			name = User;
			sourceTree = "<group>";
		};
		20B28AF9196F94D80024CB0E = {
			isa = PBXGroup;
			children = (
				20B28B0B196F94D80024CB0E /* ios_twitter_redux */,
				20B28B24196F94D80024CB0E /* ios_twitter_reduxTests */,
				20B28B04196F94D80024CB0E /* Frameworks */,
				20B28B03196F94D80024CB0E /* Products */,
				3796A7466C134EA590D7E05A /* Pods.xcconfig */,
			);
			sourceTree = "<group>";
		};
		20B28B03196F94D80024CB0E /* Products */ = {
			isa = PBXGroup;
			children = (
				20B28B02196F94D80024CB0E /* ios_twitter_redux.app */,
				20B28B1D196F94D80024CB0E /* ios_twitter_reduxTests.xctest */,
			);
			name = Products;
			sourceTree = "<group>";
		};
		20B28B04196F94D80024CB0E /* Frameworks */ = {
			isa = PBXGroup;
			children = (
				20B28B05196F94D80024CB0E /* Foundation.framework */,
				20B28B07196F94D80024CB0E /* CoreGraphics.framework */,
				20B28B09196F94D80024CB0E /* UIKit.framework */,
				20B28B1E196F94D80024CB0E /* XCTest.framework */,
				4255B95197F44CECAAD81AB4 /* libPods.a */,
			);
			name = Frameworks;
			sourceTree = "<group>";
		};
		20B28B0B196F94D80024CB0E /* ios_twitter_redux */ = {
			isa = PBXGroup;
			children = (
				20E2CD4E19739C20002CFF37 /* Categories */,
				20A81375196FA00300F67AEA /* Controllers */,
				20E2CD49197302FC002CFF37 /* Clients */,
				20A8137E196FA0CA00F67AEA /* Models */,
				20A81382196FA0FB00F67AEA /* UI */,
				20B28B17196F94D80024CB0E /* Images.xcassets */,
				20B28B0C196F94D80024CB0E /* Supporting Files */,
			);
			path = ios_twitter_redux;
			sourceTree = "<group>";
		};
		20B28B0C196F94D80024CB0E /* Supporting Files */ = {
			isa = PBXGroup;
			children = (
				20B28B0D196F94D80024CB0E /* ios_twitter_redux-Info.plist */,
				20B28B0E196F94D80024CB0E /* InfoPlist.strings */,
				20B28B11196F94D80024CB0E /* main.m */,
				20B28B13196F94D80024CB0E /* ios_twitter_redux-Prefix.pch */,
			);
			name = "Supporting Files";
			sourceTree = "<group>";
		};
		20B28B24196F94D80024CB0E /* ios_twitter_reduxTests */ = {
			isa = PBXGroup;
			children = (
				20B28B2A196F94D80024CB0E /* ios_twitter_reduxTests.m */,
				20B28B25196F94D80024CB0E /* Supporting Files */,
			);
			path = ios_twitter_reduxTests;
			sourceTree = "<group>";
		};
		20B28B25196F94D80024CB0E /* Supporting Files */ = {
			isa = PBXGroup;
			children = (
				20B28B26196F94D80024CB0E /* ios_twitter_reduxTests-Info.plist */,
				20B28B27196F94D80024CB0E /* InfoPlist.strings */,
			);
			name = "Supporting Files";
			sourceTree = "<group>";
		};
		20E2CD49197302FC002CFF37 /* Clients */ = {
			isa = PBXGroup;
			children = (
				20E2CD4A1973030D002CFF37 /* Twitter */,
			);
			name = Clients;
			sourceTree = "<group>";
		};
		20E2CD4A1973030D002CFF37 /* Twitter */ = {
			isa = PBXGroup;
			children = (
				20E2CD4B19730346002CFF37 /* TwitterClient.h */,
				20E2CD4C19730346002CFF37 /* TwitterClient.m */,
			);
			name = Twitter;
			sourceTree = "<group>";
		};
		20E2CD4E19739C20002CFF37 /* Categories */ = {
			isa = PBXGroup;
			children = (
				20E2CD4F19739C28002CFF37 /* Dictionary From Query String */,
			);
			name = Categories;
			sourceTree = "<group>";
		};
		20E2CD4F19739C28002CFF37 /* Dictionary From Query String */ = {
			isa = PBXGroup;
			children = (
				20E2CD5019739C4F002CFF37 /* NSURL+DictionaryFromQueryString.h */,
				20E2CD5119739C4F002CFF37 /* NSURL+DictionaryFromQueryString.m */,
			);
			name = "Dictionary From Query String";
			sourceTree = "<group>";
		};
/* End PBXGroup section */

/* Begin PBXNativeTarget section */
		20B28B01196F94D80024CB0E /* ios_twitter_redux */ = {
			isa = PBXNativeTarget;
			buildConfigurationList = 20B28B2E196F94D80024CB0E /* Build configuration list for PBXNativeTarget "ios_twitter_redux" */;
			buildPhases = (
				10F89AADA7A543FCBC56F84B /* Check Pods Manifest.lock */,
				20B28AFE196F94D80024CB0E /* Sources */,
				20B28AFF196F94D80024CB0E /* Frameworks */,
				20B28B00196F94D80024CB0E /* Resources */,
				BC889AA8AD574DED8D9CA115 /* Copy Pods Resources */,
			);
			buildRules = (
			);
			dependencies = (
			);
			name = ios_twitter_redux;
			productName = ios_twitter_redux;
			productReference = 20B28B02196F94D80024CB0E /* ios_twitter_redux.app */;
			productType = "com.apple.product-type.application";
		};
		20B28B1C196F94D80024CB0E /* ios_twitter_reduxTests */ = {
			isa = PBXNativeTarget;
			buildConfigurationList = 20B28B31196F94D80024CB0E /* Build configuration list for PBXNativeTarget "ios_twitter_reduxTests" */;
			buildPhases = (
				20B28B19196F94D80024CB0E /* Sources */,
				20B28B1A196F94D80024CB0E /* Frameworks */,
				20B28B1B196F94D80024CB0E /* Resources */,
			);
			buildRules = (
			);
			dependencies = (
				20B28B23196F94D80024CB0E /* PBXTargetDependency */,
			);
			name = ios_twitter_reduxTests;
			productName = ios_twitter_reduxTests;
			productReference = 20B28B1D196F94D80024CB0E /* ios_twitter_reduxTests.xctest */;
			productType = "com.apple.product-type.bundle.unit-test";
		};
/* End PBXNativeTarget section */

/* Begin PBXProject section */
		20B28AFA196F94D80024CB0E /* Project object */ = {
			isa = PBXProject;
			attributes = {
				LastUpgradeCheck = 0510;
				ORGANIZATIONNAME = "Stanley Ng";
				TargetAttributes = {
					20B28B1C196F94D80024CB0E = {
						TestTargetID = 20B28B01196F94D80024CB0E;
					};
				};
			};
			buildConfigurationList = 20B28AFD196F94D80024CB0E /* Build configuration list for PBXProject "ios_twitter_redux" */;
			compatibilityVersion = "Xcode 3.2";
			developmentRegion = English;
			hasScannedForEncodings = 0;
			knownRegions = (
				en,
			);
			mainGroup = 20B28AF9196F94D80024CB0E;
			productRefGroup = 20B28B03196F94D80024CB0E /* Products */;
			projectDirPath = "";
			projectRoot = "";
			targets = (
				20B28B01196F94D80024CB0E /* ios_twitter_redux */,
				20B28B1C196F94D80024CB0E /* ios_twitter_reduxTests */,
			);
		};
/* End PBXProject section */

/* Begin PBXResourcesBuildPhase section */
		20B28B00196F94D80024CB0E /* Resources */ = {
			isa = PBXResourcesBuildPhase;
			buildActionMask = 2147483647;
			files = (
				20A813C6196FBACE00F67AEA /* UserTableViewCell.xib in Resources */,
				202CEFDC19708263009624AD /* ComposeViewController.xib in Resources */,
				20A813BB196FB35500F67AEA /* MentionsTimelineViewController.xib in Resources */,
				20B28B10196F94D80024CB0E /* InfoPlist.strings in Resources */,
				20A813C0196FB37000F67AEA /* UserTimelineViewController.xib in Resources */,
				20E2CD601973C2B0002CFF37 /* TweetTableViewCell.xib in Resources */,
				20A81391196FA29300F67AEA /* MainViewController.xib in Resources */,
				20B28B18196F94D80024CB0E /* Images.xcassets in Resources */,
				20E2CD4319727704002CFF37 /* AccountViewController.xib in Resources */,
				20E2CD481972F3B4002CFF37 /* LoginViewController.xib in Resources */,
				20A813B6196FB33A00F67AEA /* HomeTimelineViewController.xib in Resources */,
				20532F0219712D2B00770E3B /* TweetViewController.xib in Resources */,
				20A813A1196FABBF00F67AEA /* MenuViewController.xib in Resources */,
			);
			runOnlyForDeploymentPostprocessing = 0;
		};
		20B28B1B196F94D80024CB0E /* Resources */ = {
			isa = PBXResourcesBuildPhase;
			buildActionMask = 2147483647;
			files = (
				20B28B29196F94D80024CB0E /* InfoPlist.strings in Resources */,
			);
			runOnlyForDeploymentPostprocessing = 0;
		};
/* End PBXResourcesBuildPhase section */

/* Begin PBXShellScriptBuildPhase section */
		10F89AADA7A543FCBC56F84B /* Check Pods Manifest.lock */ = {
			isa = PBXShellScriptBuildPhase;
			buildActionMask = 2147483647;
			files = (
			);
			inputPaths = (
			);
			name = "Check Pods Manifest.lock";
			outputPaths = (
			);
			runOnlyForDeploymentPostprocessing = 0;
			shellPath = /bin/sh;
			shellScript = "diff \"${PODS_ROOT}/../Podfile.lock\" \"${PODS_ROOT}/Manifest.lock\" > /dev/null\nif [[ $? != 0 ]] ; then\n    cat << EOM\nerror: The sandbox is not in sync with the Podfile.lock. Run 'pod install' or update your CocoaPods installation.\nEOM\n    exit 1\nfi\n";
			showEnvVarsInLog = 0;
		};
		BC889AA8AD574DED8D9CA115 /* Copy Pods Resources */ = {
			isa = PBXShellScriptBuildPhase;
			buildActionMask = 2147483647;
			files = (
			);
			inputPaths = (
			);
			name = "Copy Pods Resources";
			outputPaths = (
			);
			runOnlyForDeploymentPostprocessing = 0;
			shellPath = /bin/sh;
			shellScript = "\"${SRCROOT}/Pods/Pods-resources.sh\"\n";
			showEnvVarsInLog = 0;
		};
/* End PBXShellScriptBuildPhase section */

/* Begin PBXSourcesBuildPhase section */
		20B28AFE196F94D80024CB0E /* Sources */ = {
			isa = PBXSourcesBuildPhase;
			buildActionMask = 2147483647;
			files = (
				20E2CD5819739D08002CFF37 /* User.m in Sources */,
				20A813C5196FBACE00F67AEA /* UserTableViewCell.m in Sources */,
				20A813BA196FB35500F67AEA /* MentionsTimelineViewController.m in Sources */,
				20E2CD5B19739D51002CFF37 /* Session.m in Sources */,
				20B28B16196F94D80024CB0E /* AppDelegate.m in Sources */,
				20E2CD5F1973C2B0002CFF37 /* TweetTableViewCell.m in Sources */,
				202CEFDB19708263009624AD /* ComposeViewController.m in Sources */,
				20532F0119712D2B00770E3B /* TweetViewController.m in Sources */,
				20E2CD4219727704002CFF37 /* AccountViewController.m in Sources */,
				20A81390196FA29300F67AEA /* MainViewController.m in Sources */,
				20A813B5196FB33A00F67AEA /* HomeTimelineViewController.m in Sources */,
				20E2CD5219739C4F002CFF37 /* NSURL+DictionaryFromQueryString.m in Sources */,
				20E2CD471972F3B4002CFF37 /* LoginViewController.m in Sources */,
				20A813BF196FB37000F67AEA /* UserTimelineViewController.m in Sources */,
				20E2CD4D19730346002CFF37 /* TwitterClient.m in Sources */,
				20E2CD5519739CAB002CFF37 /* Tweet.m in Sources */,
				20B28B12196F94D80024CB0E /* main.m in Sources */,
				20A813A0196FABBF00F67AEA /* MenuViewController.m in Sources */,
			);
			runOnlyForDeploymentPostprocessing = 0;
		};
		20B28B19196F94D80024CB0E /* Sources */ = {
			isa = PBXSourcesBuildPhase;
			buildActionMask = 2147483647;
			files = (
				20B28B2B196F94D80024CB0E /* ios_twitter_reduxTests.m in Sources */,
			);
			runOnlyForDeploymentPostprocessing = 0;
		};
/* End PBXSourcesBuildPhase section */

/* Begin PBXTargetDependency section */
		20B28B23196F94D80024CB0E /* PBXTargetDependency */ = {
			isa = PBXTargetDependency;
			target = 20B28B01196F94D80024CB0E /* ios_twitter_redux */;
			targetProxy = 20B28B22196F94D80024CB0E /* PBXContainerItemProxy */;
		};
/* End PBXTargetDependency section */

/* Begin PBXVariantGroup section */
		20B28B0E196F94D80024CB0E /* InfoPlist.strings */ = {
			isa = PBXVariantGroup;
			children = (
				20B28B0F196F94D80024CB0E /* en */,
			);
			name = InfoPlist.strings;
			sourceTree = "<group>";
		};
		20B28B27196F94D80024CB0E /* InfoPlist.strings */ = {
			isa = PBXVariantGroup;
			children = (
				20B28B28196F94D80024CB0E /* en */,
			);
			name = InfoPlist.strings;
			sourceTree = "<group>";
		};
/* End PBXVariantGroup section */

/* Begin XCBuildConfiguration section */
		20B28B2C196F94D80024CB0E /* Debug */ = {
			isa = XCBuildConfiguration;
			buildSettings = {
				ALWAYS_SEARCH_USER_PATHS = NO;
				CLANG_CXX_LANGUAGE_STANDARD = "gnu++0x";
				CLANG_CXX_LIBRARY = "libc++";
				CLANG_ENABLE_MODULES = YES;
				CLANG_ENABLE_OBJC_ARC = YES;
				CLANG_WARN_BOOL_CONVERSION = YES;
				CLANG_WARN_CONSTANT_CONVERSION = YES;
				CLANG_WARN_DIRECT_OBJC_ISA_USAGE = YES_ERROR;
				CLANG_WARN_EMPTY_BODY = YES;
				CLANG_WARN_ENUM_CONVERSION = YES;
				CLANG_WARN_INT_CONVERSION = YES;
				CLANG_WARN_OBJC_ROOT_CLASS = YES_ERROR;
				CLANG_WARN__DUPLICATE_METHOD_MATCH = YES;
				"CODE_SIGN_IDENTITY[sdk=iphoneos*]" = "iPhone Developer";
				COPY_PHASE_STRIP = NO;
				GCC_C_LANGUAGE_STANDARD = gnu99;
				GCC_DYNAMIC_NO_PIC = NO;
				GCC_OPTIMIZATION_LEVEL = 0;
				GCC_PREPROCESSOR_DEFINITIONS = (
					"DEBUG=1",
					"$(inherited)",
				);
				GCC_SYMBOLS_PRIVATE_EXTERN = NO;
				GCC_WARN_64_TO_32_BIT_CONVERSION = YES;
				GCC_WARN_ABOUT_RETURN_TYPE = YES_ERROR;
				GCC_WARN_UNDECLARED_SELECTOR = YES;
				GCC_WARN_UNINITIALIZED_AUTOS = YES_AGGRESSIVE;
				GCC_WARN_UNUSED_FUNCTION = YES;
				GCC_WARN_UNUSED_VARIABLE = YES;
				IPHONEOS_DEPLOYMENT_TARGET = 7.1;
				ONLY_ACTIVE_ARCH = YES;
				SDKROOT = iphoneos;
			};
			name = Debug;
		};
		20B28B2D196F94D80024CB0E /* Release */ = {
			isa = XCBuildConfiguration;
			buildSettings = {
				ALWAYS_SEARCH_USER_PATHS = NO;
				CLANG_CXX_LANGUAGE_STANDARD = "gnu++0x";
				CLANG_CXX_LIBRARY = "libc++";
				CLANG_ENABLE_MODULES = YES;
				CLANG_ENABLE_OBJC_ARC = YES;
				CLANG_WARN_BOOL_CONVERSION = YES;
				CLANG_WARN_CONSTANT_CONVERSION = YES;
				CLANG_WARN_DIRECT_OBJC_ISA_USAGE = YES_ERROR;
				CLANG_WARN_EMPTY_BODY = YES;
				CLANG_WARN_ENUM_CONVERSION = YES;
				CLANG_WARN_INT_CONVERSION = YES;
				CLANG_WARN_OBJC_ROOT_CLASS = YES_ERROR;
				CLANG_WARN__DUPLICATE_METHOD_MATCH = YES;
				"CODE_SIGN_IDENTITY[sdk=iphoneos*]" = "iPhone Developer";
				COPY_PHASE_STRIP = YES;
				ENABLE_NS_ASSERTIONS = NO;
				GCC_C_LANGUAGE_STANDARD = gnu99;
				GCC_WARN_64_TO_32_BIT_CONVERSION = YES;
				GCC_WARN_ABOUT_RETURN_TYPE = YES_ERROR;
				GCC_WARN_UNDECLARED_SELECTOR = YES;
				GCC_WARN_UNINITIALIZED_AUTOS = YES_AGGRESSIVE;
				GCC_WARN_UNUSED_FUNCTION = YES;
				GCC_WARN_UNUSED_VARIABLE = YES;
				IPHONEOS_DEPLOYMENT_TARGET = 7.1;
				SDKROOT = iphoneos;
				VALIDATE_PRODUCT = YES;
			};
			name = Release;
		};
		20B28B2F196F94D80024CB0E /* Debug */ = {
			isa = XCBuildConfiguration;
			baseConfigurationReference = 3796A7466C134EA590D7E05A /* Pods.xcconfig */;
			buildSettings = {
				ASSETCATALOG_COMPILER_APPICON_NAME = AppIcon;
				ASSETCATALOG_COMPILER_LAUNCHIMAGE_NAME = LaunchImage;
				GCC_PRECOMPILE_PREFIX_HEADER = YES;
				GCC_PREFIX_HEADER = "ios_twitter_redux/ios_twitter_redux-Prefix.pch";
				INFOPLIST_FILE = "ios_twitter_redux/ios_twitter_redux-Info.plist";
				PRODUCT_NAME = "$(TARGET_NAME)";
				WRAPPER_EXTENSION = app;
			};
			name = Debug;
		};
		20B28B30196F94D80024CB0E /* Release */ = {
			isa = XCBuildConfiguration;
			baseConfigurationReference = 3796A7466C134EA590D7E05A /* Pods.xcconfig */;
			buildSettings = {
				ASSETCATALOG_COMPILER_APPICON_NAME = AppIcon;
				ASSETCATALOG_COMPILER_LAUNCHIMAGE_NAME = LaunchImage;
				GCC_PRECOMPILE_PREFIX_HEADER = YES;
				GCC_PREFIX_HEADER = "ios_twitter_redux/ios_twitter_redux-Prefix.pch";
				INFOPLIST_FILE = "ios_twitter_redux/ios_twitter_redux-Info.plist";
				PRODUCT_NAME = "$(TARGET_NAME)";
				WRAPPER_EXTENSION = app;
			};
			name = Release;
		};
		20B28B32196F94D80024CB0E /* Debug */ = {
			isa = XCBuildConfiguration;
			buildSettings = {
				BUNDLE_LOADER = "$(BUILT_PRODUCTS_DIR)/ios_twitter_redux.app/ios_twitter_redux";
				FRAMEWORK_SEARCH_PATHS = (
					"$(SDKROOT)/Developer/Library/Frameworks",
					"$(inherited)",
					"$(DEVELOPER_FRAMEWORKS_DIR)",
				);
				GCC_PRECOMPILE_PREFIX_HEADER = YES;
				GCC_PREFIX_HEADER = "ios_twitter_redux/ios_twitter_redux-Prefix.pch";
				GCC_PREPROCESSOR_DEFINITIONS = (
					"DEBUG=1",
					"$(inherited)",
				);
				INFOPLIST_FILE = "ios_twitter_reduxTests/ios_twitter_reduxTests-Info.plist";
				PRODUCT_NAME = "$(TARGET_NAME)";
				TEST_HOST = "$(BUNDLE_LOADER)";
				WRAPPER_EXTENSION = xctest;
			};
			name = Debug;
		};
		20B28B33196F94D80024CB0E /* Release */ = {
			isa = XCBuildConfiguration;
			buildSettings = {
				BUNDLE_LOADER = "$(BUILT_PRODUCTS_DIR)/ios_twitter_redux.app/ios_twitter_redux";
				FRAMEWORK_SEARCH_PATHS = (
					"$(SDKROOT)/Developer/Library/Frameworks",
					"$(inherited)",
					"$(DEVELOPER_FRAMEWORKS_DIR)",
				);
				GCC_PRECOMPILE_PREFIX_HEADER = YES;
				GCC_PREFIX_HEADER = "ios_twitter_redux/ios_twitter_redux-Prefix.pch";
				INFOPLIST_FILE = "ios_twitter_reduxTests/ios_twitter_reduxTests-Info.plist";
				PRODUCT_NAME = "$(TARGET_NAME)";
				TEST_HOST = "$(BUNDLE_LOADER)";
				WRAPPER_EXTENSION = xctest;
			};
			name = Release;
		};
/* End XCBuildConfiguration section */

/* Begin XCConfigurationList section */
		20B28AFD196F94D80024CB0E /* Build configuration list for PBXProject "ios_twitter_redux" */ = {
			isa = XCConfigurationList;
			buildConfigurations = (
				20B28B2C196F94D80024CB0E /* Debug */,
				20B28B2D196F94D80024CB0E /* Release */,
			);
			defaultConfigurationIsVisible = 0;
			defaultConfigurationName = Release;
		};
		20B28B2E196F94D80024CB0E /* Build configuration list for PBXNativeTarget "ios_twitter_redux" */ = {
			isa = XCConfigurationList;
			buildConfigurations = (
				20B28B2F196F94D80024CB0E /* Debug */,
				20B28B30196F94D80024CB0E /* Release */,
			);
			defaultConfigurationIsVisible = 0;
			defaultConfigurationName = Release;
		};
		20B28B31196F94D80024CB0E /* Build configuration list for PBXNativeTarget "ios_twitter_reduxTests" */ = {
			isa = XCConfigurationList;
			buildConfigurations = (
				20B28B32196F94D80024CB0E /* Debug */,
				20B28B33196F94D80024CB0E /* Release */,
			);
			defaultConfigurationIsVisible = 0;
			defaultConfigurationName = Release;
		};
/* End XCConfigurationList section */
	};
	rootObject = 20B28AFA196F94D80024CB0E /* Project object */;
}
